[[package]]
name = "copy_from_str"
version = "0.1.0"
dependencies = [
 "extension-trait 0.1.2 (registry+https://github.com/rust-lang/crates.io-index)",
]

[[package]]
name = "extension-trait"
version = "0.1.2"
source = "registry+https://github.com/rust-lang/crates.io-index"

[metadata]
"checksum extension-trait 0.1.2 (registry+https://github.com/rust-lang/crates.io-index)" = "6f83992b9890aa4b25a5ac90d9e90028efab9547608bad5c6831bf14ed9d826a"
